
Microsoft Visual Studio Solution File, Format Version 12.00
# Visual Studio Version 17
VisualStudioVersion = 17.9.34310.174
MinimumVisualStudioVersion = 10.0.40219.1
Project("{FAE04EC0-301F-11D3-BF4B-00C04F79EFBC}") = "CongestionTaxCalculator", "CongestionTaxCalculator\CongestionTaxCalculator.csproj", "{A8C95B05-C652-40D6-8D5E-43E4E651584B}"
EndProject
Global
	GlobalSection(SolutionConfigurationPlatforms) = preSolution
		Debug|Any CPU = Debug|Any CPU
		Release|Any CPU = Release|Any CPU
	EndGlobalSection
	GlobalSection(ProjectConfigurationPlatforms) = postSolution
		{A8C95B05-C652-40D6-8D5E-43E4E651584B}.Debug|Any CPU.ActiveCfg = Debug|Any CPU
		{A8C95B05-C652-40D6-8D5E-43E4E651584B}.Debug|Any CPU.Build.0 = Debug|Any CPU
		{A8C95B05-C652-40D6-8D5E-43E4E651584B}.Release|Any CPU.ActiveCfg = Release|Any CPU
		{A8C95B05-C652-40D6-8D5E-43E4E651584B}.Release|Any CPU.Build.0 = Release|Any CPU
	EndGlobalSection
	GlobalSection(SolutionProperties) = preSolution
		HideSolutionNode = FALSE
	EndGlobalSection
	GlobalSection(ExtensibilityGlobals) = postSolution
		SolutionGuid = {397EE0A9-3CBA-4CB0-9920-D20A2295F5EC}
	EndGlobalSection
EndGlobal
